# planx-proto repo.lock
# Planx 4.0 Plugin Protocol – Source of Truth

## Authority

MUST comply with:
1. [planx-architecture.md](../planx-spec/planx-architecture.md)
2. [planx-ai-guardrails.md](../planx-spec/planx-ai-guardrails.md)
3. [AI_CONTRACT.md](../planx-spec/AI_CONTRACT.md)

---

VERSION: 4.0
STATUS: ARCHITECTURE-FROZEN

----------------------------------------
ROLE
----------------------------------------

planx-proto defines the ONLY authoritative
Plugin Protocol for Planx 4.0.

This repository contains:
- gRPC service definitions
- Message schemas
- Protocol-level semantics

It contains NO:
- Runtime logic
- SDK helpers
- Engine behavior
- Plugin business logic

----------------------------------------
IMPORT POLICY
----------------------------------------

ALLOWED IMPORTERS:
- planx-engine
- planx-sdk-*
- External plugins consume the public SDK, not Proto directly

FORBIDDEN IMPORTERS:
- planx-common (no infra dependency)
- Any non-Planx repository

----------------------------------------
MODIFICATION RULES
----------------------------------------

1. Backward compatibility is NOT required before v4.0 GA.
2. Any change MUST be explicitly versioned (v4 only).
3. No speculative or unjustified fields. Preserve approved optional-field
   presence semantics; absent and explicitly supplied zero are not interchangeable.
4. No engine- or sdk-specific assumptions.

----------------------------------------
AI RULES
----------------------------------------

AI MUST NOT:
- Redesign protocol semantics
- Merge services
- Introduce helper messages for convenience
- Add fields without explicit justification

AI MAY:
- Generate code from existing proto
- Add comments for clarification
- Make necessary protocol/consumer updates within the accepted ADR-017 scope;
  unrelated protocol changes still require explicit authorization

----------------------------
